
Microsoft Visual Studio Solution File, Format Version 12.00
# Visual Studio Version 17
VisualStudioVersion = 17.14.37111.16 d17.14
MinimumVisualStudioVersion = 10.0.40219.1
Project("{FAE04EC0-301F-11D3-BF4B-00C04F79EFBC}") = "ConsoleApp C#", "ConsoleApp C#\ConsoleApp C#.csproj", "{4C6DE089-CD19-4EED-98E1-9B556E5DF35D}"
EndProject
Global
	GlobalSection(SolutionConfigurationPlatforms) = preSolution
		Debug|Any CPU = Debug|Any CPU
		Release|Any CPU = Release|Any CPU
	EndGlobalSection
	GlobalSection(ProjectConfigurationPlatforms) = postSolution
		{4C6DE089-CD19-4EED-98E1-9B556E5DF35D}.Debug|Any CPU.ActiveCfg = Debug|Any CPU
		{4C6DE089-CD19-4EED-98E1-9B556E5DF35D}.Debug|Any CPU.Build.0 = Debug|Any CPU
		{4C6DE089-CD19-4EED-98E1-9B556E5DF35D}.Release|Any CPU.ActiveCfg = Release|Any CPU
		{4C6DE089-CD19-4EED-98E1-9B556E5DF35D}.Release|Any CPU.Build.0 = Release|Any CPU
	EndGlobalSection
	GlobalSection(SolutionProperties) = preSolution
		HideSolutionNode = FALSE
	EndGlobalSection
	GlobalSection(ExtensibilityGlobals) = postSolution
		SolutionGuid = {20FF8CFD-646B-4731-AFEB-2E340805BFA0}
	EndGlobalSection
EndGlobal
