
Microsoft Visual Studio Solution File, Format Version 12.00
# Visual Studio Version 17
VisualStudioVersion = 17.14.37111.16 d17.14
MinimumVisualStudioVersion = 10.0.40219.1
Project("{FAE04EC0-301F-11D3-BF4B-00C04F79EFBC}") = "ConsoleApp c# 1", "ConsoleApp c# 1\ConsoleApp c# 1.csproj", "{638FE6A5-DDDD-48A3-A411-33EAFB8CAA51}"
EndProject
Global
	GlobalSection(SolutionConfigurationPlatforms) = preSolution
		Debug|Any CPU = Debug|Any CPU
		Release|Any CPU = Release|Any CPU
	EndGlobalSection
	GlobalSection(ProjectConfigurationPlatforms) = postSolution
		{638FE6A5-DDDD-48A3-A411-33EAFB8CAA51}.Debug|Any CPU.ActiveCfg = Debug|Any CPU
		{638FE6A5-DDDD-48A3-A411-33EAFB8CAA51}.Debug|Any CPU.Build.0 = Debug|Any CPU
		{638FE6A5-DDDD-48A3-A411-33EAFB8CAA51}.Release|Any CPU.ActiveCfg = Release|Any CPU
		{638FE6A5-DDDD-48A3-A411-33EAFB8CAA51}.Release|Any CPU.Build.0 = Release|Any CPU
	EndGlobalSection
	GlobalSection(SolutionProperties) = preSolution
		HideSolutionNode = FALSE
	EndGlobalSection
	GlobalSection(ExtensibilityGlobals) = postSolution
		SolutionGuid = {C94E607D-5F35-47F9-B383-72E962B72B9D}
	EndGlobalSection
EndGlobal
